
Microsoft Visual Studio Solution File, Format Version 12.00
# Visual Studio Version 17
VisualStudioVersion = 17.2.32630.192
MinimumVisualStudioVersion = 10.0.40219.1
Project("{FAE04EC0-301F-11D3-BF4B-00C04F79EFBC}") = "HelloWorld", "HelloWorld.csproj", "{5CD40453-078D-4D5B-9127-AD6723BDA322}"
EndProject
Global
	GlobalSection(SolutionConfigurationPlatforms) = preSolution
		Debug|Any CPU = Debug|Any CPU
		Release|Any CPU = Release|Any CPU
	EndGlobalSection
	GlobalSection(ProjectConfigurationPlatforms) = postSolution
		{5CD40453-078D-4D5B-9127-AD6723BDA322}.Debug|Any CPU.ActiveCfg = Debug|Any CPU
		{5CD40453-078D-4D5B-9127-AD6723BDA322}.Debug|Any CPU.Build.0 = Debug|Any CPU
		{5CD40453-078D-4D5B-9127-AD6723BDA322}.Release|Any CPU.ActiveCfg = Release|Any CPU
		{5CD40453-078D-4D5B-9127-AD6723BDA322}.Release|Any CPU.Build.0 = Release|Any CPU
	EndGlobalSection
	GlobalSection(SolutionProperties) = preSolution
		HideSolutionNode = FALSE
	EndGlobalSection
	GlobalSection(ExtensibilityGlobals) = postSolution
		SolutionGuid = {6AA5FB29-E5BA-4F2E-A5F9-1DACA6D1780A}
	EndGlobalSection
EndGlobal
